
Microsoft Visual Studio Solution File, Format Version 12.00
# Visual Studio Version 16
VisualStudioVersion = 16.0.29905.134
MinimumVisualStudioVersion = 10.0.40219.1
Project("{FAE04EC0-301F-11D3-BF4B-00C04F79EFBC}") = "fibonaci", "fibonaci\fibonaci.csproj", "{221B5EA4-1FA4-483B-BA75-F8335C2CFE40}"
EndProject
Global
	GlobalSection(SolutionConfigurationPlatforms) = preSolution
		Debug|Any CPU = Debug|Any CPU
		Release|Any CPU = Release|Any CPU
	EndGlobalSection
	GlobalSection(ProjectConfigurationPlatforms) = postSolution
		{221B5EA4-1FA4-483B-BA75-F8335C2CFE40}.Debug|Any CPU.ActiveCfg = Debug|Any CPU
		{221B5EA4-1FA4-483B-BA75-F8335C2CFE40}.Debug|Any CPU.Build.0 = Debug|Any CPU
		{221B5EA4-1FA4-483B-BA75-F8335C2CFE40}.Release|Any CPU.ActiveCfg = Release|Any CPU
		{221B5EA4-1FA4-483B-BA75-F8335C2CFE40}.Release|Any CPU.Build.0 = Release|Any CPU
	EndGlobalSection
	GlobalSection(SolutionProperties) = preSolution
		HideSolutionNode = FALSE
	EndGlobalSection
	GlobalSection(ExtensibilityGlobals) = postSolution
		SolutionGuid = {E44B6A2B-F354-499B-A22E-0D568A4379E1}
	EndGlobalSection
EndGlobal
